{
  "name": "typetag-rust",
  "version": "1.0.4",
  "lockfileVersion": 1,
  "requires": true,
  "dependencies": {
    "typetag": {
      "version": "2.0.1",
      "resolved": "https://registry.npmjs.org/typetag/-/typetag-2.0.1.tgz",
      "integrity": "sha512-Ajv4Vtu3+nDfrj/l4Y4r9ebPgCjU0uYeeb5R4f0UQxSfjgzjfkEWLMbI7xQyp+Yl9S22t2NiDVDXuyIuiVI0rQ=="
    },
    "typetag-fn": {
      "version": "1.0.0",
      "resolved": "https://registry.npmjs.org/typetag-fn/-/typetag-fn-1.0.0.tgz",
      "integrity": "sha512-1rRs5QCAXPeyPjcH6E+fIt7IICWgLU+8itSpMEDFi0nah2XpAP7I01KtwRe8p4urw5BI8SCEIoJYFVGpO+1/vg==",
      "requires": {
        "typetag": "2.0.1"
      }
    }
  }
}
