{
  "name": "typetag-rust",
  "version": "1.0.6",
  "lockfileVersion": 1,
  "requires": true,
  "dependencies": {
    "typetag": {
      "version": "2.0.5",
      "resolved": "https://registry.npmjs.org/typetag/-/typetag-2.0.5.tgz",
      "integrity": "sha512-8DZM+nDkiwyUzzGFiNJtm5R1WOtm9dpVYfnEpcRW46OibXlRmo01SKNmEN4Pup3PZTq+AIehCLMc1BDAyJZ1Vw=="
    },
    "typetag-fn": {
      "version": "1.0.2",
      "resolved": "https://registry.npmjs.org/typetag-fn/-/typetag-fn-1.0.2.tgz",
      "integrity": "sha512-tp7XqPx4uVu71MgR3DxidmginAdHTRMw/RyF3MUyecOxK9EugbxCWNI1fa42J146WiRS6/KtyuitySaJMLPGQQ==",
      "requires": {
        "typetag": "2.0.5"
      }
    }
  }
}
